
Microsoft Visual Studio Solution File, Format Version 12.00
# Visual Studio Version 16
VisualStudioVersion = 16.0.29424.173
MinimumVisualStudioVersion = 10.0.40219.1
Project("{FAE04EC0-301F-11D3-BF4B-00C04F79EFBC}") = "AlgoPractise", "AlgoPractise\AlgoPractise.csproj", "{9C04A0D3-6A1B-4C1B-B46E-432BE4EFFF26}"
EndProject
Global
	GlobalSection(SolutionConfigurationPlatforms) = preSolution
		Debug|Any CPU = Debug|Any CPU
		Release|Any CPU = Release|Any CPU
	EndGlobalSection
	GlobalSection(ProjectConfigurationPlatforms) = postSolution
		{9C04A0D3-6A1B-4C1B-B46E-432BE4EFFF26}.Debug|Any CPU.ActiveCfg = Debug|Any CPU
		{9C04A0D3-6A1B-4C1B-B46E-432BE4EFFF26}.Debug|Any CPU.Build.0 = Debug|Any CPU
		{9C04A0D3-6A1B-4C1B-B46E-432BE4EFFF26}.Release|Any CPU.ActiveCfg = Release|Any CPU
		{9C04A0D3-6A1B-4C1B-B46E-432BE4EFFF26}.Release|Any CPU.Build.0 = Release|Any CPU
	EndGlobalSection
	GlobalSection(SolutionProperties) = preSolution
		HideSolutionNode = FALSE
	EndGlobalSection
	GlobalSection(ExtensibilityGlobals) = postSolution
		SolutionGuid = {8EA5CDEA-8B7E-40B7-BB33-532F41706B97}
	EndGlobalSection
EndGlobal
